{
  "object": {
    "pins": [
      {
        "package": "Introspect",
        "repositoryURL": "https://github.com/martinmaly21/SwiftUI-Introspect.git",
        "state": {
          "branch": "master",
          "revision": "1f68e763c16965b28a9c51d35036e365174b3085",
          "version": null
        }
      }
    ]
  },
  "version": 1
}
